// !$*UTF8*$!
{
	archiveVersion = 1;
	classes = {
	};
	objectVersion = 55;
	objects = {

/* Begin PBXBuildFile section */
		0AA728366892BB77CF0BCC00 /* PhoneNumberUtility.swift in Sources */ = {isa = PBXBuildFile; fileRef = A71EF4BAB34672838AF49BF9 /* PhoneNumberUtility.swift */; };
		0EC53F0A846BFEB9B84741BA /* PhoneNumberTextField.swift in Sources */ = {isa = PBXBuildFile; fileRef = D883B4B0671383682DA1E12E /* PhoneNumberTextField.swift */; };
		1257E2E393C3D719BD244276 /* PartialFormatter.swift in Sources */ = {isa = PBXBuildFile; fileRef = DFBEDA489564D1852C473981 /* PartialFormatter.swift */; };
		14922450B70F4C0382DF3304 /* RegexManager.swift in Sources */ = {isa = PBXBuildFile; fileRef = 4EBFB5D432DB7FB544CE51D1 /* RegexManager.swift */; };
		293F91313AFD341E07C5C7E4 /* PhoneNumberFormatter.swift in Sources */ = {isa = PBXBuildFile; fileRef = C457DDF24DB734AB0FF242FE /* PhoneNumberFormatter.swift */; };
		29638941B781995BF036DB72 /* TuistBundle+PhoneNumberKit.swift in Sources */ = {isa = PBXBuildFile; fileRef = 1B40CF94CD1EBC4AD2E6BE81 /* TuistBundle+PhoneNumberKit.swift */; };
		2A46795CA4391A3DBE70B579 /* PhoneNumberMetadata.json in Resources */ = {isa = PBXBuildFile; fileRef = 71280A31A4D340D699C00D25 /* PhoneNumberMetadata.json */; };
		2B8DFEAD43A45C0D12BC727A /* PhoneNumber.swift in Sources */ = {isa = PBXBuildFile; fileRef = 0923FFD2D6F7A05A6B6A9ED0 /* PhoneNumber.swift */; };
		3CDC185CBAC8C48BD44AC8D6 /* MetadataManager.swift in Sources */ = {isa = PBXBuildFile; fileRef = 950330C8486616F0711BB1DA /* MetadataManager.swift */; };
		53AD8D1BEC58893AC2A3C52C /* Bundle+Resources.swift in Sources */ = {isa = PBXBuildFile; fileRef = F4FFDFB871276DF59F3349A7 /* Bundle+Resources.swift */; };
		637E967379E7ADB62FE1C0AB /* CountryCodePickerViewController.swift in Sources */ = {isa = PBXBuildFile; fileRef = 55469821628C2F00460C203B /* CountryCodePickerViewController.swift */; };
		6B48D13C765AC21ED6791395 /* PhoneNumber+Codable.swift in Sources */ = {isa = PBXBuildFile; fileRef = B8478E2839D3D99F9C00D793 /* PhoneNumber+Codable.swift */; };
		7AB19D6AC7FD36726F3EFAFC /* CountryCodePickerOptions.swift in Sources */ = {isa = PBXBuildFile; fileRef = 0E4A07CF7440F18956D98CCA /* CountryCodePickerOptions.swift */; };
		7DCD5D010E6E29E300A0ECA1 /* Constants.swift in Sources */ = {isa = PBXBuildFile; fileRef = 0D5F422248F0DF1B8E57FF75 /* Constants.swift */; };
		B222CDA39779E1272CC290E6 /* MetadataTypes.swift in Sources */ = {isa = PBXBuildFile; fileRef = 13563BD78083FA41CC820338 /* MetadataTypes.swift */; };
		C7A61CF0B795B84C4A5B7561 /* PrivacyInfo.xcprivacy in Resources */ = {isa = PBXBuildFile; fileRef = A7BF83DC44BEEA6A315A59A4 /* PrivacyInfo.xcprivacy */; };
		CAD8B43F68B0453B8B54BB48 /* Formatter.swift in Sources */ = {isa = PBXBuildFile; fileRef = 5187BC0CDA52BF778F8A2327 /* Formatter.swift */; };
		CBF55DB874E02CD44E451A60 /* MetadataParsing.swift in Sources */ = {isa = PBXBuildFile; fileRef = 876D6EACA6F634338E59CB6C /* MetadataParsing.swift */; };
		DFAAE2203089DCE1FA576572 /* PhoneNumberParser.swift in Sources */ = {isa = PBXBuildFile; fileRef = 5998D7C1322484D10B1CFAA0 /* PhoneNumberParser.swift */; };
		EE9E9F5E4B179BD5FEE0F24D /* NSRegularExpression+Swift.swift in Sources */ = {isa = PBXBuildFile; fileRef = 4978C86FA3E14A1E19E41F0F /* NSRegularExpression+Swift.swift */; };
		F742D0B47FA2AF34B0072406 /* ParseManager.swift in Sources */ = {isa = PBXBuildFile; fileRef = 6863D6A009D3ED08812BE584 /* ParseManager.swift */; };
/* End PBXBuildFile section */

/* Begin PBXContainerItemProxy section */
		67664A597535CACF2E56ACD2 /* PBXContainerItemProxy */ = {
			isa = PBXContainerItemProxy;
			containerPortal = 91CE33E470DD83CA8572C976 /* Project object */;
			proxyType = 1;
			remoteGlobalIDString = 83598B6BD92316243CB15C1F;
			remoteInfo = PhoneNumberKit_PhoneNumberKit;
		};
/* End PBXContainerItemProxy section */

/* Begin PBXCopyFilesBuildPhase section */
		0DEB68B95869423111E230F9 /* Embed Frameworks */ = {
			isa = PBXCopyFilesBuildPhase;
			buildActionMask = 2147483647;
			dstPath = "";
			dstSubfolderSpec = 10;
			files = (
			);
			name = "Embed Frameworks";
			runOnlyForDeploymentPostprocessing = 0;
		};
		69EE63806B86232BD7EA3590 /* Embed Frameworks */ = {
			isa = PBXCopyFilesBuildPhase;
			buildActionMask = 2147483647;
			dstPath = "";
			dstSubfolderSpec = 10;
			files = (
			);
			name = "Embed Frameworks";
			runOnlyForDeploymentPostprocessing = 0;
		};
/* End PBXCopyFilesBuildPhase section */

/* Begin PBXFileReference section */
		0923FFD2D6F7A05A6B6A9ED0 /* PhoneNumber.swift */ = {isa = PBXFileReference; lastKnownFileType = sourcecode.swift; path = PhoneNumber.swift; sourceTree = "<group>"; };
		0D5F422248F0DF1B8E57FF75 /* Constants.swift */ = {isa = PBXFileReference; lastKnownFileType = sourcecode.swift; path = Constants.swift; sourceTree = "<group>"; };
		0E4A07CF7440F18956D98CCA /* CountryCodePickerOptions.swift */ = {isa = PBXFileReference; lastKnownFileType = sourcecode.swift; path = CountryCodePickerOptions.swift; sourceTree = "<group>"; };
		13563BD78083FA41CC820338 /* MetadataTypes.swift */ = {isa = PBXFileReference; lastKnownFileType = sourcecode.swift; path = MetadataTypes.swift; sourceTree = "<group>"; };
		1B40CF94CD1EBC4AD2E6BE81 /* TuistBundle+PhoneNumberKit.swift */ = {isa = PBXFileReference; lastKnownFileType = sourcecode.swift; path = "TuistBundle+PhoneNumberKit.swift"; sourceTree = "<group>"; };
		4978C86FA3E14A1E19E41F0F /* NSRegularExpression+Swift.swift */ = {isa = PBXFileReference; lastKnownFileType = sourcecode.swift; path = "NSRegularExpression+Swift.swift"; sourceTree = "<group>"; };
		4EBFB5D432DB7FB544CE51D1 /* RegexManager.swift */ = {isa = PBXFileReference; lastKnownFileType = sourcecode.swift; path = RegexManager.swift; sourceTree = "<group>"; };
		5187BC0CDA52BF778F8A2327 /* Formatter.swift */ = {isa = PBXFileReference; lastKnownFileType = sourcecode.swift; path = Formatter.swift; sourceTree = "<group>"; };
		55469821628C2F00460C203B /* CountryCodePickerViewController.swift */ = {isa = PBXFileReference; lastKnownFileType = sourcecode.swift; path = CountryCodePickerViewController.swift; sourceTree = "<group>"; };
		5998D7C1322484D10B1CFAA0 /* PhoneNumberParser.swift */ = {isa = PBXFileReference; lastKnownFileType = sourcecode.swift; path = PhoneNumberParser.swift; sourceTree = "<group>"; };
		61251E4184A2A903C0C7E111 /* PhoneNumberKit-Info.plist */ = {isa = PBXFileReference; lastKnownFileType = text.plist; path = "PhoneNumberKit-Info.plist"; sourceTree = "<group>"; };
		6863D6A009D3ED08812BE584 /* ParseManager.swift */ = {isa = PBXFileReference; lastKnownFileType = sourcecode.swift; path = ParseManager.swift; sourceTree = "<group>"; };
		71280A31A4D340D699C00D25 /* PhoneNumberMetadata.json */ = {isa = PBXFileReference; lastKnownFileType = text.json; path = PhoneNumberMetadata.json; sourceTree = "<group>"; };
		876D6EACA6F634338E59CB6C /* MetadataParsing.swift */ = {isa = PBXFileReference; lastKnownFileType = sourcecode.swift; path = MetadataParsing.swift; sourceTree = "<group>"; };
		8F88D16B1F7FF75082716ABF /* PhoneNumberKit_PhoneNumberKit.bundle */ = {isa = PBXFileReference; explicitFileType = wrapper.cfbundle; includeInIndex = 0; path = PhoneNumberKit_PhoneNumberKit.bundle; sourceTree = BUILT_PRODUCTS_DIR; };
		950330C8486616F0711BB1DA /* MetadataManager.swift */ = {isa = PBXFileReference; lastKnownFileType = sourcecode.swift; path = MetadataManager.swift; sourceTree = "<group>"; };
		A71EF4BAB34672838AF49BF9 /* PhoneNumberUtility.swift */ = {isa = PBXFileReference; lastKnownFileType = sourcecode.swift; path = PhoneNumberUtility.swift; sourceTree = "<group>"; };
		A7BF83DC44BEEA6A315A59A4 /* PrivacyInfo.xcprivacy */ = {isa = PBXFileReference; path = PrivacyInfo.xcprivacy; sourceTree = "<group>"; };
		AC7D8F2893A4C05A98B9CD97 /* PhoneNumberKit.framework */ = {isa = PBXFileReference; explicitFileType = wrapper.framework; includeInIndex = 0; path = PhoneNumberKit.framework; sourceTree = BUILT_PRODUCTS_DIR; };
		B8478E2839D3D99F9C00D793 /* PhoneNumber+Codable.swift */ = {isa = PBXFileReference; lastKnownFileType = sourcecode.swift; path = "PhoneNumber+Codable.swift"; sourceTree = "<group>"; };
		C457DDF24DB734AB0FF242FE /* PhoneNumberFormatter.swift */ = {isa = PBXFileReference; lastKnownFileType = sourcecode.swift; path = PhoneNumberFormatter.swift; sourceTree = "<group>"; };
		D883B4B0671383682DA1E12E /* PhoneNumberTextField.swift */ = {isa = PBXFileReference; lastKnownFileType = sourcecode.swift; path = PhoneNumberTextField.swift; sourceTree = "<group>"; };
		DFBEDA489564D1852C473981 /* PartialFormatter.swift */ = {isa = PBXFileReference; lastKnownFileType = sourcecode.swift; path = PartialFormatter.swift; sourceTree = "<group>"; };
		EC4B5A800870FEB3290D1DBF /* PhoneNumberKit_PhoneNumberKit-Info.plist */ = {isa = PBXFileReference; lastKnownFileType = text.plist; path = "PhoneNumberKit_PhoneNumberKit-Info.plist"; sourceTree = "<group>"; };
		F4FFDFB871276DF59F3349A7 /* Bundle+Resources.swift */ = {isa = PBXFileReference; lastKnownFileType = sourcecode.swift; path = "Bundle+Resources.swift"; sourceTree = "<group>"; };
/* End PBXFileReference section */

/* Begin PBXFrameworksBuildPhase section */
		1F6A7C04D014553617A35DB8 /* Frameworks */ = {
			isa = PBXFrameworksBuildPhase;
			buildActionMask = 2147483647;
			files = (
			);
			runOnlyForDeploymentPostprocessing = 0;
		};
		533A277D199C3601A6112593 /* Frameworks */ = {
			isa = PBXFrameworksBuildPhase;
			buildActionMask = 2147483647;
			files = (
			);
			runOnlyForDeploymentPostprocessing = 0;
		};
/* End PBXFrameworksBuildPhase section */

/* Begin PBXGroup section */
		031E7F5E7C7E705236841370 /* Sources */ = {
			isa = PBXGroup;
			children = (
				1B40CF94CD1EBC4AD2E6BE81 /* TuistBundle+PhoneNumberKit.swift */,
			);
			path = Sources;
			sourceTree = "<group>";
		};
		1D8D17162B00FBAA24D3C3C6 /* Resources */ = {
			isa = PBXGroup;
			children = (
				71280A31A4D340D699C00D25 /* PhoneNumberMetadata.json */,
				A7BF83DC44BEEA6A315A59A4 /* PrivacyInfo.xcprivacy */,
			);
			path = Resources;
			sourceTree = "<group>";
		};
		25199873EF68434ECC9599CA /* InfoPlists */ = {
			isa = PBXGroup;
			children = (
				EC4B5A800870FEB3290D1DBF /* PhoneNumberKit_PhoneNumberKit-Info.plist */,
			);
			path = InfoPlists;
			sourceTree = "<group>";
		};
		27F1B1F0506F985BF199F6F3 /* PhoneNumberKit */ = {
			isa = PBXGroup;
			children = (
				1D8D17162B00FBAA24D3C3C6 /* Resources */,
				D756BCD60A6F740E11057C04 /* UI */,
				F4FFDFB871276DF59F3349A7 /* Bundle+Resources.swift */,
				0D5F422248F0DF1B8E57FF75 /* Constants.swift */,
				5187BC0CDA52BF778F8A2327 /* Formatter.swift */,
				950330C8486616F0711BB1DA /* MetadataManager.swift */,
				876D6EACA6F634338E59CB6C /* MetadataParsing.swift */,
				13563BD78083FA41CC820338 /* MetadataTypes.swift */,
				4978C86FA3E14A1E19E41F0F /* NSRegularExpression+Swift.swift */,
				6863D6A009D3ED08812BE584 /* ParseManager.swift */,
				DFBEDA489564D1852C473981 /* PartialFormatter.swift */,
				0923FFD2D6F7A05A6B6A9ED0 /* PhoneNumber.swift */,
				B8478E2839D3D99F9C00D793 /* PhoneNumber+Codable.swift */,
				C457DDF24DB734AB0FF242FE /* PhoneNumberFormatter.swift */,
				5998D7C1322484D10B1CFAA0 /* PhoneNumberParser.swift */,
				A71EF4BAB34672838AF49BF9 /* PhoneNumberUtility.swift */,
				4EBFB5D432DB7FB544CE51D1 /* RegexManager.swift */,
			);
			path = PhoneNumberKit;
			sourceTree = "<group>";
		};
		515AE7CE5AB49035DDA4C85C /* Products */ = {
			isa = PBXGroup;
			children = (
				8F88D16B1F7FF75082716ABF /* PhoneNumberKit_PhoneNumberKit.bundle */,
				AC7D8F2893A4C05A98B9CD97 /* PhoneNumberKit.framework */,
			);
			name = Products;
			sourceTree = "<group>";
		};
		538413C83777061F49A46DFC /* tuist-derived */ = {
			isa = PBXGroup;
			children = (
				C532DA164EFD2E8DD49C091B /* PhoneNumberKit */,
				74B44F96A99D92741B411DD7 /* PhoneNumberKit_PhoneNumberKit */,
			);
			name = "tuist-derived";
			path = "../../tuist-derived";
			sourceTree = "<group>";
		};
		54F31306216657A70AEECCE0 /* Project */ = {
			isa = PBXGroup;
			children = (
				27F1B1F0506F985BF199F6F3 /* PhoneNumberKit */,
				538413C83777061F49A46DFC /* tuist-derived */,
			);
			name = Project;
			sourceTree = "<group>";
		};
		574FF35C8DA14B326208C6DB /* ../../checkouts/PhoneNumberKit */ = {
			isa = PBXGroup;
			children = (
				54F31306216657A70AEECCE0 /* Project */,
				515AE7CE5AB49035DDA4C85C /* Products */,
			);
			path = ../../checkouts/PhoneNumberKit;
			sourceTree = "<group>";
		};
		74B44F96A99D92741B411DD7 /* PhoneNumberKit_PhoneNumberKit */ = {
			isa = PBXGroup;
			children = (
				25199873EF68434ECC9599CA /* InfoPlists */,
			);
			path = PhoneNumberKit_PhoneNumberKit;
			sourceTree = "<group>";
		};
		C532DA164EFD2E8DD49C091B /* PhoneNumberKit */ = {
			isa = PBXGroup;
			children = (
				DA677C893CC29E249B3A64F3 /* InfoPlists */,
				031E7F5E7C7E705236841370 /* Sources */,
			);
			path = PhoneNumberKit;
			sourceTree = "<group>";
		};
		D756BCD60A6F740E11057C04 /* UI */ = {
			isa = PBXGroup;
			children = (
				0E4A07CF7440F18956D98CCA /* CountryCodePickerOptions.swift */,
				55469821628C2F00460C203B /* CountryCodePickerViewController.swift */,
				D883B4B0671383682DA1E12E /* PhoneNumberTextField.swift */,
			);
			path = UI;
			sourceTree = "<group>";
		};
		DA677C893CC29E249B3A64F3 /* InfoPlists */ = {
			isa = PBXGroup;
			children = (
				61251E4184A2A903C0C7E111 /* PhoneNumberKit-Info.plist */,
			);
			path = InfoPlists;
			sourceTree = "<group>";
		};
/* End PBXGroup section */

/* Begin PBXNativeTarget section */
		1741F01BD3237B2ED5E79CAA /* PhoneNumberKit */ = {
			isa = PBXNativeTarget;
			buildConfigurationList = 23AD83131CFA6563CEA825FB /* Build configuration list for PBXNativeTarget "PhoneNumberKit" */;
			buildPhases = (
				09668B7D0ED4013BD0440162 /* Sources */,
				4156E125C1217817DFF099FC /* Resources */,
				0DEB68B95869423111E230F9 /* Embed Frameworks */,
				1F6A7C04D014553617A35DB8 /* Frameworks */,
			);
			buildRules = (
			);
			dependencies = (
				D974F3C33AE7BFC164960D24 /* PBXTargetDependency */,
			);
			name = PhoneNumberKit;
			packageProductDependencies = (
			);
			productName = PhoneNumberKit;
			productReference = AC7D8F2893A4C05A98B9CD97 /* PhoneNumberKit.framework */;
			productType = "com.apple.product-type.framework";
		};
		83598B6BD92316243CB15C1F /* PhoneNumberKit_PhoneNumberKit */ = {
			isa = PBXNativeTarget;
			buildConfigurationList = 3690E6A507ED9AC765CACBE3 /* Build configuration list for PBXNativeTarget "PhoneNumberKit_PhoneNumberKit" */;
			buildPhases = (
				8983BC969E8ABB47FD7B32D1 /* Resources */,
				69EE63806B86232BD7EA3590 /* Embed Frameworks */,
				533A277D199C3601A6112593 /* Frameworks */,
			);
			buildRules = (
			);
			dependencies = (
			);
			name = PhoneNumberKit_PhoneNumberKit;
			packageProductDependencies = (
			);
			productName = PhoneNumberKit_PhoneNumberKit;
			productReference = 8F88D16B1F7FF75082716ABF /* PhoneNumberKit_PhoneNumberKit.bundle */;
			productType = "com.apple.product-type.bundle";
		};
/* End PBXNativeTarget section */

/* Begin PBXProject section */
		91CE33E470DD83CA8572C976 /* Project object */ = {
			isa = PBXProject;
			attributes = {
				BuildIndependentTargetsInParallel = YES;
				LastUpgradeCheck = 9999;
				TargetAttributes = {
				};
			};
			buildConfigurationList = 2F7C0F3C56DF93D62A690FDC /* Build configuration list for PBXProject "PhoneNumberKit" */;
			compatibilityVersion = "Xcode 14.0";
			developmentRegion = en;
			hasScannedForEncodings = 0;
			knownRegions = (
				Base,
				en,
			);
			mainGroup = 574FF35C8DA14B326208C6DB /* ../../checkouts/PhoneNumberKit */;
			productRefGroup = 515AE7CE5AB49035DDA4C85C /* Products */;
			projectDirPath = "";
			projectRoot = "";
			targets = (
				1741F01BD3237B2ED5E79CAA /* PhoneNumberKit */,
				83598B6BD92316243CB15C1F /* PhoneNumberKit_PhoneNumberKit */,
			);
		};
/* End PBXProject section */

/* Begin PBXResourcesBuildPhase section */
		4156E125C1217817DFF099FC /* Resources */ = {
			isa = PBXResourcesBuildPhase;
			buildActionMask = 2147483647;
			files = (
			);
			runOnlyForDeploymentPostprocessing = 0;
		};
		8983BC969E8ABB47FD7B32D1 /* Resources */ = {
			isa = PBXResourcesBuildPhase;
			buildActionMask = 2147483647;
			files = (
				2A46795CA4391A3DBE70B579 /* PhoneNumberMetadata.json in Resources */,
				C7A61CF0B795B84C4A5B7561 /* PrivacyInfo.xcprivacy in Resources */,
			);
			runOnlyForDeploymentPostprocessing = 0;
		};
/* End PBXResourcesBuildPhase section */

/* Begin PBXSourcesBuildPhase section */
		09668B7D0ED4013BD0440162 /* Sources */ = {
			isa = PBXSourcesBuildPhase;
			buildActionMask = 2147483647;
			files = (
				53AD8D1BEC58893AC2A3C52C /* Bundle+Resources.swift in Sources */,
				7DCD5D010E6E29E300A0ECA1 /* Constants.swift in Sources */,
				CAD8B43F68B0453B8B54BB48 /* Formatter.swift in Sources */,
				3CDC185CBAC8C48BD44AC8D6 /* MetadataManager.swift in Sources */,
				CBF55DB874E02CD44E451A60 /* MetadataParsing.swift in Sources */,
				B222CDA39779E1272CC290E6 /* MetadataTypes.swift in Sources */,
				EE9E9F5E4B179BD5FEE0F24D /* NSRegularExpression+Swift.swift in Sources */,
				F742D0B47FA2AF34B0072406 /* ParseManager.swift in Sources */,
				1257E2E393C3D719BD244276 /* PartialFormatter.swift in Sources */,
				6B48D13C765AC21ED6791395 /* PhoneNumber+Codable.swift in Sources */,
				2B8DFEAD43A45C0D12BC727A /* PhoneNumber.swift in Sources */,
				293F91313AFD341E07C5C7E4 /* PhoneNumberFormatter.swift in Sources */,
				DFAAE2203089DCE1FA576572 /* PhoneNumberParser.swift in Sources */,
				0AA728366892BB77CF0BCC00 /* PhoneNumberUtility.swift in Sources */,
				14922450B70F4C0382DF3304 /* RegexManager.swift in Sources */,
				7AB19D6AC7FD36726F3EFAFC /* CountryCodePickerOptions.swift in Sources */,
				637E967379E7ADB62FE1C0AB /* CountryCodePickerViewController.swift in Sources */,
				0EC53F0A846BFEB9B84741BA /* PhoneNumberTextField.swift in Sources */,
				29638941B781995BF036DB72 /* TuistBundle+PhoneNumberKit.swift in Sources */,
			);
			runOnlyForDeploymentPostprocessing = 0;
		};
/* End PBXSourcesBuildPhase section */

/* Begin PBXTargetDependency section */
		D974F3C33AE7BFC164960D24 /* PBXTargetDependency */ = {
			isa = PBXTargetDependency;
			name = PhoneNumberKit_PhoneNumberKit;
			target = 83598B6BD92316243CB15C1F /* PhoneNumberKit_PhoneNumberKit */;
			targetProxy = 67664A597535CACF2E56ACD2 /* PBXContainerItemProxy */;
		};
/* End PBXTargetDependency section */

/* Begin XCBuildConfiguration section */
		2E9712A755E233E177DA21F5 /* Debug */ = {
			isa = XCBuildConfiguration;
			buildSettings = {
				ALWAYS_SEARCH_USER_PATHS = YES;
				CLANG_ENABLE_OBJC_WEAK = NO;
				CLANG_WARN_QUOTED_INCLUDE_IN_FRAMEWORK_HEADER = NO;
				CURRENT_PROJECT_VERSION = 1;
				DEFINES_MODULE = YES;
				DERIVE_MACCATALYST_PRODUCT_BUNDLE_IDENTIFIER = YES;
				DYLIB_COMPATIBILITY_VERSION = 1;
				DYLIB_CURRENT_VERSION = 1;
				DYLIB_INSTALL_NAME_BASE = "@rpath";
				ENABLE_STRICT_OBJC_MSGSEND = NO;
				FRAMEWORK_SEARCH_PATHS = (
					"$(inherited)",
					"$(PLATFORM_DIR)/Developer/Library/Frameworks",
				);
				GCC_NO_COMMON_BLOCKS = NO;
				GCC_PREPROCESSOR_DEFINITIONS = (
					"$(inherited)",
					"SWIFT_PACKAGE=1",
				);
				GCC_WARN_INHIBIT_ALL_WARNINGS = YES;
				INFOPLIST_FILE = "$(SRCROOT)/../../tuist-derived/PhoneNumberKit/InfoPlists/PhoneNumberKit-Info.plist";
				INSTALL_PATH = "$(LOCAL_LIBRARY_DIR)/Frameworks";
				IPHONEOS_DEPLOYMENT_TARGET = 12.0;
				LD_RUNPATH_SEARCH_PATHS = (
					"$(inherited)",
					"@executable_path/Frameworks",
					"@loader_path/Frameworks",
				);
				"LD_RUNPATH_SEARCH_PATHS[sdk=macosx*]" = (
					"$(inherited)",
					"@executable_path/../Frameworks",
					"@loader_path/../Frameworks",
				);
				MACH_O_TYPE = staticlib;
				MACOSX_DEPLOYMENT_TARGET = 10.13;
				PRODUCT_BUNDLE_IDENTIFIER = PhoneNumberKit;
				PRODUCT_NAME = PhoneNumberKit;
				SDKROOT = auto;
				SKIP_INSTALL = YES;
				SUPPORTED_PLATFORMS = "appletvos appletvsimulator iphoneos iphonesimulator macosx watchos watchsimulator xros xrsimulator";
				SUPPORTS_MACCATALYST = YES;
				SUPPORTS_MAC_DESIGNED_FOR_IPHONE_IPAD = YES;
				SUPPORTS_XR_DESIGNED_FOR_IPHONE_IPAD = YES;
				SWIFT_ACTIVE_COMPILATION_CONDITIONS = (
					"$(inherited) SWIFT_PACKAGE",
					DEBUG,
				);
				SWIFT_COMPILATION_MODE = singlefile;
				SWIFT_OPTIMIZATION_LEVEL = "-Onone";
				SWIFT_SUPPRESS_WARNINGS = YES;
				SWIFT_VERSION = 5.0;
				TARGETED_DEVICE_FAMILY = "1,2,3,4,7";
				TVOS_DEPLOYMENT_TARGET = 12.0;
				USE_HEADERMAP = NO;
				VERSIONING_SYSTEM = "apple-generic";
				VERSION_INFO_PREFIX = "";
				WATCHOS_DEPLOYMENT_TARGET = 4.0;
				XROS_DEPLOYMENT_TARGET = 1.0;
			};
			name = Debug;
		};
		5D5C5C39E402832EDDE61F6E /* Debug */ = {
			isa = XCBuildConfiguration;
			buildSettings = {
				ALWAYS_SEARCH_USER_PATHS = NO;
				CLANG_ANALYZER_LOCALIZABILITY_NONLOCALIZED = YES;
				CLANG_ANALYZER_NONNULL = YES;
				CLANG_ANALYZER_NUMBER_OBJECT_CONVERSION = YES_AGGRESSIVE;
				CLANG_CXX_LANGUAGE_STANDARD = "gnu++14";
				CLANG_CXX_LIBRARY = "libc++";
				CLANG_ENABLE_MODULES = YES;
				CLANG_ENABLE_OBJC_ARC = YES;
				CLANG_ENABLE_OBJC_WEAK = YES;
				CLANG_WARN_BLOCK_CAPTURE_AUTORELEASING = YES;
				CLANG_WARN_BOOL_CONVERSION = YES;
				CLANG_WARN_COMMA = YES;
				CLANG_WARN_CONSTANT_CONVERSION = YES;
				CLANG_WARN_DEPRECATED_OBJC_IMPLEMENTATIONS = YES;
				CLANG_WARN_DIRECT_OBJC_ISA_USAGE = YES_ERROR;
				CLANG_WARN_DOCUMENTATION_COMMENTS = YES;
				CLANG_WARN_EMPTY_BODY = YES;
				CLANG_WARN_ENUM_CONVERSION = YES;
				CLANG_WARN_INFINITE_RECURSION = YES;
				CLANG_WARN_INT_CONVERSION = YES;
				CLANG_WARN_NON_LITERAL_NULL_CONVERSION = YES;
				CLANG_WARN_OBJC_IMPLICIT_RETAIN_SELF = YES;
				CLANG_WARN_OBJC_LITERAL_CONVERSION = YES;
				CLANG_WARN_OBJC_ROOT_CLASS = YES_ERROR;
				CLANG_WARN_QUOTED_INCLUDE_IN_FRAMEWORK_HEADER = YES;
				CLANG_WARN_RANGE_LOOP_ANALYSIS = YES;
				CLANG_WARN_STRICT_PROTOTYPES = YES;
				CLANG_WARN_SUSPICIOUS_MOVE = YES;
				CLANG_WARN_UNGUARDED_AVAILABILITY = YES_AGGRESSIVE;
				CLANG_WARN_UNREACHABLE_CODE = YES;
				CLANG_WARN__DUPLICATE_METHOD_MATCH = YES;
				COPY_PHASE_STRIP = NO;
				DEAD_CODE_STRIPPING = YES;
				DEBUG_INFORMATION_FORMAT = dwarf;
				ENABLE_STRICT_OBJC_MSGSEND = YES;
				ENABLE_TESTABILITY = YES;
				GCC_C_LANGUAGE_STANDARD = gnu11;
				GCC_DYNAMIC_NO_PIC = NO;
				GCC_NO_COMMON_BLOCKS = YES;
				GCC_OPTIMIZATION_LEVEL = 0;
				GCC_PREPROCESSOR_DEFINITIONS = (
					"DEBUG=1",
					"$(inherited)",
				);
				GCC_WARN_64_TO_32_BIT_CONVERSION = YES;
				GCC_WARN_ABOUT_RETURN_TYPE = YES_ERROR;
				GCC_WARN_UNDECLARED_SELECTOR = YES;
				GCC_WARN_UNINITIALIZED_AUTOS = YES_AGGRESSIVE;
				GCC_WARN_UNUSED_FUNCTION = YES;
				GCC_WARN_UNUSED_VARIABLE = YES;
				MTL_ENABLE_DEBUG_INFO = YES;
				ONLY_ACTIVE_ARCH = YES;
				PRODUCT_NAME = "$(TARGET_NAME)";
				SRCROOT = /Users/stanislavli/Work/WrapKit/.build/checkouts/PhoneNumberKit;
			};
			name = Debug;
		};
		771BB9AB9FBCAD37114E26DD /* Release */ = {
			isa = XCBuildConfiguration;
			buildSettings = {
				ALWAYS_SEARCH_USER_PATHS = YES;
				CLANG_ENABLE_OBJC_WEAK = NO;
				CLANG_WARN_QUOTED_INCLUDE_IN_FRAMEWORK_HEADER = NO;
				CURRENT_PROJECT_VERSION = 1;
				DEFINES_MODULE = YES;
				DERIVE_MACCATALYST_PRODUCT_BUNDLE_IDENTIFIER = YES;
				DYLIB_COMPATIBILITY_VERSION = 1;
				DYLIB_CURRENT_VERSION = 1;
				DYLIB_INSTALL_NAME_BASE = "@rpath";
				ENABLE_STRICT_OBJC_MSGSEND = NO;
				FRAMEWORK_SEARCH_PATHS = (
					"$(inherited)",
					"$(PLATFORM_DIR)/Developer/Library/Frameworks",
				);
				GCC_NO_COMMON_BLOCKS = NO;
				GCC_PREPROCESSOR_DEFINITIONS = (
					"$(inherited)",
					"SWIFT_PACKAGE=1",
				);
				GCC_WARN_INHIBIT_ALL_WARNINGS = YES;
				INFOPLIST_FILE = "$(SRCROOT)/../../tuist-derived/PhoneNumberKit/InfoPlists/PhoneNumberKit-Info.plist";
				INSTALL_PATH = "$(LOCAL_LIBRARY_DIR)/Frameworks";
				IPHONEOS_DEPLOYMENT_TARGET = 12.0;
				LD_RUNPATH_SEARCH_PATHS = (
					"$(inherited)",
					"@executable_path/Frameworks",
					"@loader_path/Frameworks",
				);
				"LD_RUNPATH_SEARCH_PATHS[sdk=macosx*]" = (
					"$(inherited)",
					"@executable_path/../Frameworks",
					"@loader_path/../Frameworks",
				);
				MACH_O_TYPE = staticlib;
				MACOSX_DEPLOYMENT_TARGET = 10.13;
				PRODUCT_BUNDLE_IDENTIFIER = PhoneNumberKit;
				PRODUCT_NAME = PhoneNumberKit;
				SDKROOT = auto;
				SKIP_INSTALL = YES;
				SUPPORTED_PLATFORMS = "appletvos appletvsimulator iphoneos iphonesimulator macosx watchos watchsimulator xros xrsimulator";
				SUPPORTS_MACCATALYST = YES;
				SUPPORTS_MAC_DESIGNED_FOR_IPHONE_IPAD = YES;
				SUPPORTS_XR_DESIGNED_FOR_IPHONE_IPAD = YES;
				SWIFT_ACTIVE_COMPILATION_CONDITIONS = "$(inherited) SWIFT_PACKAGE";
				SWIFT_COMPILATION_MODE = wholemodule;
				SWIFT_OPTIMIZATION_LEVEL = "-Owholemodule";
				SWIFT_SUPPRESS_WARNINGS = YES;
				SWIFT_VERSION = 5.0;
				TARGETED_DEVICE_FAMILY = "1,2,3,4,7";
				TVOS_DEPLOYMENT_TARGET = 12.0;
				USE_HEADERMAP = NO;
				VERSIONING_SYSTEM = "apple-generic";
				VERSION_INFO_PREFIX = "";
				WATCHOS_DEPLOYMENT_TARGET = 4.0;
				XROS_DEPLOYMENT_TARGET = 1.0;
			};
			name = Release;
		};
		8235A68BA7649022D4E4C073 /* Release */ = {
			isa = XCBuildConfiguration;
			buildSettings = {
				ALWAYS_SEARCH_USER_PATHS = NO;
				CLANG_ANALYZER_LOCALIZABILITY_NONLOCALIZED = YES;
				CLANG_ANALYZER_NONNULL = YES;
				CLANG_ANALYZER_NUMBER_OBJECT_CONVERSION = YES_AGGRESSIVE;
				CLANG_CXX_LANGUAGE_STANDARD = "gnu++14";
				CLANG_CXX_LIBRARY = "libc++";
				CLANG_ENABLE_MODULES = YES;
				CLANG_ENABLE_OBJC_ARC = YES;
				CLANG_ENABLE_OBJC_WEAK = YES;
				CLANG_WARN_BLOCK_CAPTURE_AUTORELEASING = YES;
				CLANG_WARN_BOOL_CONVERSION = YES;
				CLANG_WARN_COMMA = YES;
				CLANG_WARN_CONSTANT_CONVERSION = YES;
				CLANG_WARN_DEPRECATED_OBJC_IMPLEMENTATIONS = YES;
				CLANG_WARN_DIRECT_OBJC_ISA_USAGE = YES_ERROR;
				CLANG_WARN_DOCUMENTATION_COMMENTS = YES;
				CLANG_WARN_EMPTY_BODY = YES;
				CLANG_WARN_ENUM_CONVERSION = YES;
				CLANG_WARN_INFINITE_RECURSION = YES;
				CLANG_WARN_INT_CONVERSION = YES;
				CLANG_WARN_NON_LITERAL_NULL_CONVERSION = YES;
				CLANG_WARN_OBJC_IMPLICIT_RETAIN_SELF = YES;
				CLANG_WARN_OBJC_LITERAL_CONVERSION = YES;
				CLANG_WARN_OBJC_ROOT_CLASS = YES_ERROR;
				CLANG_WARN_QUOTED_INCLUDE_IN_FRAMEWORK_HEADER = YES;
				CLANG_WARN_RANGE_LOOP_ANALYSIS = YES;
				CLANG_WARN_STRICT_PROTOTYPES = YES;
				CLANG_WARN_SUSPICIOUS_MOVE = YES;
				CLANG_WARN_UNGUARDED_AVAILABILITY = YES_AGGRESSIVE;
				CLANG_WARN_UNREACHABLE_CODE = YES;
				CLANG_WARN__DUPLICATE_METHOD_MATCH = YES;
				COPY_PHASE_STRIP = NO;
				DEAD_CODE_STRIPPING = YES;
				DEBUG_INFORMATION_FORMAT = "dwarf-with-dsym";
				ENABLE_NS_ASSERTIONS = NO;
				ENABLE_STRICT_OBJC_MSGSEND = YES;
				GCC_C_LANGUAGE_STANDARD = gnu11;
				GCC_NO_COMMON_BLOCKS = YES;
				GCC_WARN_64_TO_32_BIT_CONVERSION = YES;
				GCC_WARN_ABOUT_RETURN_TYPE = YES_ERROR;
				GCC_WARN_UNDECLARED_SELECTOR = YES;
				GCC_WARN_UNINITIALIZED_AUTOS = YES_AGGRESSIVE;
				GCC_WARN_UNUSED_FUNCTION = YES;
				GCC_WARN_UNUSED_VARIABLE = YES;
				MTL_ENABLE_DEBUG_INFO = NO;
				PRODUCT_NAME = "$(TARGET_NAME)";
				SRCROOT = /Users/stanislavli/Work/WrapKit/.build/checkouts/PhoneNumberKit;
				VALIDATE_PRODUCT = YES;
			};
			name = Release;
		};
		9A4D74603CAC36B8D881BE17 /* Debug */ = {
			isa = XCBuildConfiguration;
			buildSettings = {
				CODE_SIGNING_ALLOWED = NO;
				DERIVE_MACCATALYST_PRODUCT_BUNDLE_IDENTIFIER = YES;
				INFOPLIST_FILE = "$(SRCROOT)/../../tuist-derived/PhoneNumberKit_PhoneNumberKit/InfoPlists/PhoneNumberKit_PhoneNumberKit-Info.plist";
				IPHONEOS_DEPLOYMENT_TARGET = 12.0;
				MACOSX_DEPLOYMENT_TARGET = 10.13;
				PRODUCT_BUNDLE_IDENTIFIER = PhoneNumberKit.resources;
				PRODUCT_NAME = PhoneNumberKit_PhoneNumberKit;
				SDKROOT = auto;
				SKIP_INSTALL = YES;
				SUPPORTED_PLATFORMS = "appletvos appletvsimulator iphoneos iphonesimulator macosx watchos watchsimulator xros xrsimulator";
				SUPPORTS_MACCATALYST = YES;
				SUPPORTS_MAC_DESIGNED_FOR_IPHONE_IPAD = YES;
				SUPPORTS_XR_DESIGNED_FOR_IPHONE_IPAD = YES;
				SWIFT_ACTIVE_COMPILATION_CONDITIONS = (
					"$(inherited)",
					DEBUG,
				);
				SWIFT_COMPILATION_MODE = singlefile;
				SWIFT_OPTIMIZATION_LEVEL = "-Onone";
				SWIFT_VERSION = 5.0;
				TARGETED_DEVICE_FAMILY = "1,2,3,4,7";
				TVOS_DEPLOYMENT_TARGET = 12.0;
				WATCHOS_DEPLOYMENT_TARGET = 4.0;
				XROS_DEPLOYMENT_TARGET = 1.0;
			};
			name = Debug;
		};
		DA6C96C945BB476F26DB6205 /* Release */ = {
			isa = XCBuildConfiguration;
			buildSettings = {
				CODE_SIGNING_ALLOWED = NO;
				DERIVE_MACCATALYST_PRODUCT_BUNDLE_IDENTIFIER = YES;
				INFOPLIST_FILE = "$(SRCROOT)/../../tuist-derived/PhoneNumberKit_PhoneNumberKit/InfoPlists/PhoneNumberKit_PhoneNumberKit-Info.plist";
				IPHONEOS_DEPLOYMENT_TARGET = 12.0;
				MACOSX_DEPLOYMENT_TARGET = 10.13;
				PRODUCT_BUNDLE_IDENTIFIER = PhoneNumberKit.resources;
				PRODUCT_NAME = PhoneNumberKit_PhoneNumberKit;
				SDKROOT = auto;
				SKIP_INSTALL = YES;
				SUPPORTED_PLATFORMS = "appletvos appletvsimulator iphoneos iphonesimulator macosx watchos watchsimulator xros xrsimulator";
				SUPPORTS_MACCATALYST = YES;
				SUPPORTS_MAC_DESIGNED_FOR_IPHONE_IPAD = YES;
				SUPPORTS_XR_DESIGNED_FOR_IPHONE_IPAD = YES;
				SWIFT_COMPILATION_MODE = wholemodule;
				SWIFT_OPTIMIZATION_LEVEL = "-Owholemodule";
				SWIFT_VERSION = 5.0;
				TARGETED_DEVICE_FAMILY = "1,2,3,4,7";
				TVOS_DEPLOYMENT_TARGET = 12.0;
				WATCHOS_DEPLOYMENT_TARGET = 4.0;
				XROS_DEPLOYMENT_TARGET = 1.0;
			};
			name = Release;
		};
/* End XCBuildConfiguration section */

/* Begin XCConfigurationList section */
		23AD83131CFA6563CEA825FB /* Build configuration list for PBXNativeTarget "PhoneNumberKit" */ = {
			isa = XCConfigurationList;
			buildConfigurations = (
				2E9712A755E233E177DA21F5 /* Debug */,
				771BB9AB9FBCAD37114E26DD /* Release */,
			);
			defaultConfigurationIsVisible = 0;
			defaultConfigurationName = Release;
		};
		2F7C0F3C56DF93D62A690FDC /* Build configuration list for PBXProject "PhoneNumberKit" */ = {
			isa = XCConfigurationList;
			buildConfigurations = (
				5D5C5C39E402832EDDE61F6E /* Debug */,
				8235A68BA7649022D4E4C073 /* Release */,
			);
			defaultConfigurationIsVisible = 0;
			defaultConfigurationName = Release;
		};
		3690E6A507ED9AC765CACBE3 /* Build configuration list for PBXNativeTarget "PhoneNumberKit_PhoneNumberKit" */ = {
			isa = XCConfigurationList;
			buildConfigurations = (
				9A4D74603CAC36B8D881BE17 /* Debug */,
				DA6C96C945BB476F26DB6205 /* Release */,
			);
			defaultConfigurationIsVisible = 0;
			defaultConfigurationName = Release;
		};
/* End XCConfigurationList section */
	};
	rootObject = 91CE33E470DD83CA8572C976 /* Project object */;
}
